
Microsoft Visual Studio Solution File, Format Version 12.00
# Visual Studio Version 16
VisualStudioVersion = 16.0.30717.126
MinimumVisualStudioVersion = 10.0.40219.1
Project("{FAE04EC0-301F-11D3-BF4B-00C04F79EFBC}") = "MovieRentalSystem", "MovieRentalSystem\MovieRentalSystem.csproj", "{7DDFADA6-8F62-401D-AABE-B602D0A62393}"
EndProject
Project("{FAE04EC0-301F-11D3-BF4B-00C04F79EFBC}") = "MRSUnitTests", "MRSUnitTests\MRSUnitTests.csproj", "{13A844DE-FB2D-45D6-86EF-6EC085ECC993}"
EndProject
Global
	GlobalSection(SolutionConfigurationPlatforms) = preSolution
		Debug|Any CPU = Debug|Any CPU
		Release|Any CPU = Release|Any CPU
	EndGlobalSection
	GlobalSection(ProjectConfigurationPlatforms) = postSolution
		{7DDFADA6-8F62-401D-AABE-B602D0A62393}.Debug|Any CPU.ActiveCfg = Debug|Any CPU
		{7DDFADA6-8F62-401D-AABE-B602D0A62393}.Debug|Any CPU.Build.0 = Debug|Any CPU
		{7DDFADA6-8F62-401D-AABE-B602D0A62393}.Release|Any CPU.ActiveCfg = Release|Any CPU
		{7DDFADA6-8F62-401D-AABE-B602D0A62393}.Release|Any CPU.Build.0 = Release|Any CPU
		{13A844DE-FB2D-45D6-86EF-6EC085ECC993}.Debug|Any CPU.ActiveCfg = Debug|Any CPU
		{13A844DE-FB2D-45D6-86EF-6EC085ECC993}.Debug|Any CPU.Build.0 = Debug|Any CPU
		{13A844DE-FB2D-45D6-86EF-6EC085ECC993}.Release|Any CPU.ActiveCfg = Release|Any CPU
		{13A844DE-FB2D-45D6-86EF-6EC085ECC993}.Release|Any CPU.Build.0 = Release|Any CPU
	EndGlobalSection
	GlobalSection(SolutionProperties) = preSolution
		HideSolutionNode = FALSE
	EndGlobalSection
	GlobalSection(ExtensibilityGlobals) = postSolution
		SolutionGuid = {5CFB5D57-5C22-4D0B-AA72-04B9FB6EFA29}
	EndGlobalSection
EndGlobal
